
Microsoft Visual Studio Solution File, Format Version 12.00
# Visual Studio Version 17
VisualStudioVersion = 17.9.34714.143
MinimumVisualStudioVersion = 10.0.40219.1
Project("{FAE04EC0-301F-11D3-BF4B-00C04F79EFBC}") = "P3R.CharCreator.Reloaded", "P3R.CharCreator.Reloaded\P3R.CharCreator.Reloaded.csproj", "{5E04BEF0-0695-4041-8478-6333F62366CB}"
EndProject
Global
	GlobalSection(SolutionConfigurationPlatforms) = preSolution
		Debug|Any CPU = Debug|Any CPU
		Release|Any CPU = Release|Any CPU
	EndGlobalSection
	GlobalSection(ProjectConfigurationPlatforms) = postSolution
		{5E04BEF0-0695-4041-8478-6333F62366CB}.Debug|Any CPU.ActiveCfg = Debug|Any CPU
		{5E04BEF0-0695-4041-8478-6333F62366CB}.Debug|Any CPU.Build.0 = Debug|Any CPU
		{5E04BEF0-0695-4041-8478-6333F62366CB}.Release|Any CPU.ActiveCfg = Release|Any CPU
		{5E04BEF0-0695-4041-8478-6333F62366CB}.Release|Any CPU.Build.0 = Release|Any CPU
	EndGlobalSection
	GlobalSection(SolutionProperties) = preSolution
		HideSolutionNode = FALSE
	EndGlobalSection
	GlobalSection(ExtensibilityGlobals) = postSolution
		SolutionGuid = {D41CDAD6-B861-4757-AEEA-C8ACA831B4E3}
	EndGlobalSection
EndGlobal
